
Microsoft Visual Studio Solution File, Format Version 12.00
# Visual Studio 15
VisualStudioVersion = 15.0.28307.168
MinimumVisualStudioVersion = 10.0.40219.1
Project("{FAE04EC0-301F-11D3-BF4B-00C04F79EFBC}") = "Zadacha 4.2", "Zadacha 4.2\Zadacha 4.2.csproj", "{59C27200-680B-40AC-8D46-36359A73BB86}"
EndProject
Global
	GlobalSection(SolutionConfigurationPlatforms) = preSolution
		Debug|Any CPU = Debug|Any CPU
		Release|Any CPU = Release|Any CPU
	EndGlobalSection
	GlobalSection(ProjectConfigurationPlatforms) = postSolution
		{59C27200-680B-40AC-8D46-36359A73BB86}.Debug|Any CPU.ActiveCfg = Debug|Any CPU
		{59C27200-680B-40AC-8D46-36359A73BB86}.Debug|Any CPU.Build.0 = Debug|Any CPU
		{59C27200-680B-40AC-8D46-36359A73BB86}.Release|Any CPU.ActiveCfg = Release|Any CPU
		{59C27200-680B-40AC-8D46-36359A73BB86}.Release|Any CPU.Build.0 = Release|Any CPU
	EndGlobalSection
	GlobalSection(SolutionProperties) = preSolution
		HideSolutionNode = FALSE
	EndGlobalSection
	GlobalSection(ExtensibilityGlobals) = postSolution
		SolutionGuid = {54692697-F73D-4F88-9C91-2B3DF8DC278C}
	EndGlobalSection
EndGlobal
